
Microsoft Visual Studio Solution File, Format Version 12.00
# Visual Studio Version 17
VisualStudioVersion = 17.8.34408.163
MinimumVisualStudioVersion = 10.0.40219.1
Project("{9A19103F-16F7-4668-BE54-9A1E7A4F7556}") = "Loonfactory.Device", "Loonfactory.Devices.PM2008M\Loonfactory.Device.csproj", "{FDCEF342-B8BC-424F-99C5-30E80646C872}"
EndProject
Global
	GlobalSection(SolutionConfigurationPlatforms) = preSolution
		Debug|Any CPU = Debug|Any CPU
		Release|Any CPU = Release|Any CPU
	EndGlobalSection
	GlobalSection(ProjectConfigurationPlatforms) = postSolution
		{FDCEF342-B8BC-424F-99C5-30E80646C872}.Debug|Any CPU.ActiveCfg = Debug|Any CPU
		{FDCEF342-B8BC-424F-99C5-30E80646C872}.Debug|Any CPU.Build.0 = Debug|Any CPU
		{FDCEF342-B8BC-424F-99C5-30E80646C872}.Release|Any CPU.ActiveCfg = Release|Any CPU
		{FDCEF342-B8BC-424F-99C5-30E80646C872}.Release|Any CPU.Build.0 = Release|Any CPU
	EndGlobalSection
	GlobalSection(SolutionProperties) = preSolution
		HideSolutionNode = FALSE
	EndGlobalSection
	GlobalSection(ExtensibilityGlobals) = postSolution
		SolutionGuid = {43DA4DB9-FF4D-43BB-8B33-18DB6B289F0A}
	EndGlobalSection
EndGlobal
